
Microsoft Visual Studio Solution File, Format Version 12.00
# Visual Studio Version 17
VisualStudioVersion = 17.10.34928.147
MinimumVisualStudioVersion = 10.0.40219.1
Project("{9A19103F-16F7-4668-BE54-9A1E7A4F7556}") = "01_MatchGame", "01_MatchGame\01_MatchGame.csproj", "{6D29BEDF-3F1E-4313-97EF-74B01C87493D}"
EndProject
Project("{2150E333-8FDC-42A3-9474-1A3956D46DE8}") = "솔루션 항목", "솔루션 항목", "{ED887BBF-7B6B-44DC-9680-2DE086695FA8}"
	ProjectSection(SolutionItems) = preProject
		README.md = README.md
	EndProjectSection
EndProject
Project("{9A19103F-16F7-4668-BE54-9A1E7A4F7556}") = "02_Class_Code", "02_Class_Code\02_Class_Code.csproj", "{D1B240A2-8967-4F20-8DDD-97A19EB83827}"
EndProject
Project("{9A19103F-16F7-4668-BE54-9A1E7A4F7556}") = "02_ExperimentWithControls", "02_ExperimentWithControls\02_ExperimentWithControls.csproj", "{C2BAA5F4-ECC3-4A29-99F5-2C87B0A69317}"
EndProject
Project("{9A19103F-16F7-4668-BE54-9A1E7A4F7556}") = "03_PickRandomCards", "03_PickRandomCards\03_PickRandomCards.csproj", "{94E19BE0-3D4B-4FCD-A674-FEF6D3BA3763}"
EndProject
Project("{9A19103F-16F7-4668-BE54-9A1E7A4F7556}") = "03_PickACardUI", "03_PickACardUI\03_PickACardUI.csproj", "{094F4EC5-CC23-4866-B511-F175F01DE620}"
EndProject
Project("{9A19103F-16F7-4668-BE54-9A1E7A4F7556}") = "03_personal_transaction", "03_personal_transaction\03_personal_transaction.csproj", "{380BA40F-293D-4FA2-AFCE-F719F089E660}"
EndProject
Project("{9A19103F-16F7-4668-BE54-9A1E7A4F7556}") = "03_Betting", "03_Betting\03_Betting.csproj", "{49B03B02-9675-4D93-84D2-1CD09ED2B31A}"
EndProject
Project("{9A19103F-16F7-4668-BE54-9A1E7A4F7556}") = "03_Pizza", "03_Pizza\03_Pizza.csproj", "{06D7D3CE-2EA5-46EF-B4BC-806F3B05D830}"
EndProject
Project("{9A19103F-16F7-4668-BE54-9A1E7A4F7556}") = "04_AbilityScore", "04_AbilityScore\04_AbilityScore.csproj", "{84D5EF16-7242-464D-AD6A-BFA308D02AA8}"
EndProject
Project("{9A19103F-16F7-4668-BE54-9A1E7A4F7556}") = "04_SharpenYourPencil", "04_SharpenYourPencil\04_SharpenYourPencil.csproj", "{2E7D021D-11E1-4CFB-B5B1-FF003FA81D70}"
EndProject
Project("{9A19103F-16F7-4668-BE54-9A1E7A4F7556}") = "04_RandomTestDrive", "04_RandomTestDrive\04_RandomTestDrive.csproj", "{F7B680C5-17DA-4F74-AF63-FB40788E2AAB}"
EndProject
Project("{9A19103F-16F7-4668-BE54-9A1E7A4F7556}") = "04_SloppyJoe", "04_SloppyJoe\04_SloppyJoe.csproj", "{BC63E12A-19AE-40FB-8CAE-45BAB93722F4}"
EndProject
Project("{FAE04EC0-301F-11D3-BF4B-00C04F79EFBC}") = "05_SwordDamage_Console_Part_1", "05_SwordDamage_Console_Part_1\05_SwordDamage_Console_Part_1.csproj", "{5269D8CB-D960-48CB-BF56-B0A741CC29CB}"
EndProject
Project("{FAE04EC0-301F-11D3-BF4B-00C04F79EFBC}") = "05_SwordDamage_WPF_Part_1", "05_SwordDamage_WPF_Part_1\05_SwordDamage_WPF_Part_1.csproj", "{284D8C2F-0863-4CD2-A7ED-8272C9999549}"
EndProject
Global
	GlobalSection(SolutionConfigurationPlatforms) = preSolution
		Debug|Any CPU = Debug|Any CPU
		Release|Any CPU = Release|Any CPU
	EndGlobalSection
	GlobalSection(ProjectConfigurationPlatforms) = postSolution
		{6D29BEDF-3F1E-4313-97EF-74B01C87493D}.Debug|Any CPU.ActiveCfg = Debug|Any CPU
		{6D29BEDF-3F1E-4313-97EF-74B01C87493D}.Debug|Any CPU.Build.0 = Debug|Any CPU
		{6D29BEDF-3F1E-4313-97EF-74B01C87493D}.Release|Any CPU.ActiveCfg = Release|Any CPU
		{6D29BEDF-3F1E-4313-97EF-74B01C87493D}.Release|Any CPU.Build.0 = Release|Any CPU
		{D1B240A2-8967-4F20-8DDD-97A19EB83827}.Debug|Any CPU.ActiveCfg = Debug|Any CPU
		{D1B240A2-8967-4F20-8DDD-97A19EB83827}.Debug|Any CPU.Build.0 = Debug|Any CPU
		{D1B240A2-8967-4F20-8DDD-97A19EB83827}.Release|Any CPU.ActiveCfg = Release|Any CPU
		{D1B240A2-8967-4F20-8DDD-97A19EB83827}.Release|Any CPU.Build.0 = Release|Any CPU
		{C2BAA5F4-ECC3-4A29-99F5-2C87B0A69317}.Debug|Any CPU.ActiveCfg = Debug|Any CPU
		{C2BAA5F4-ECC3-4A29-99F5-2C87B0A69317}.Debug|Any CPU.Build.0 = Debug|Any CPU
		{C2BAA5F4-ECC3-4A29-99F5-2C87B0A69317}.Release|Any CPU.ActiveCfg = Release|Any CPU
		{C2BAA5F4-ECC3-4A29-99F5-2C87B0A69317}.Release|Any CPU.Build.0 = Release|Any CPU
		{94E19BE0-3D4B-4FCD-A674-FEF6D3BA3763}.Debug|Any CPU.ActiveCfg = Debug|Any CPU
		{94E19BE0-3D4B-4FCD-A674-FEF6D3BA3763}.Debug|Any CPU.Build.0 = Debug|Any CPU
		{94E19BE0-3D4B-4FCD-A674-FEF6D3BA3763}.Release|Any CPU.ActiveCfg = Release|Any CPU
		{94E19BE0-3D4B-4FCD-A674-FEF6D3BA3763}.Release|Any CPU.Build.0 = Release|Any CPU
		{094F4EC5-CC23-4866-B511-F175F01DE620}.Debug|Any CPU.ActiveCfg = Debug|Any CPU
		{094F4EC5-CC23-4866-B511-F175F01DE620}.Debug|Any CPU.Build.0 = Debug|Any CPU
		{094F4EC5-CC23-4866-B511-F175F01DE620}.Release|Any CPU.ActiveCfg = Release|Any CPU
		{094F4EC5-CC23-4866-B511-F175F01DE620}.Release|Any CPU.Build.0 = Release|Any CPU
		{380BA40F-293D-4FA2-AFCE-F719F089E660}.Debug|Any CPU.ActiveCfg = Debug|Any CPU
		{380BA40F-293D-4FA2-AFCE-F719F089E660}.Debug|Any CPU.Build.0 = Debug|Any CPU
		{380BA40F-293D-4FA2-AFCE-F719F089E660}.Release|Any CPU.ActiveCfg = Release|Any CPU
		{380BA40F-293D-4FA2-AFCE-F719F089E660}.Release|Any CPU.Build.0 = Release|Any CPU
		{49B03B02-9675-4D93-84D2-1CD09ED2B31A}.Debug|Any CPU.ActiveCfg = Debug|Any CPU
		{49B03B02-9675-4D93-84D2-1CD09ED2B31A}.Debug|Any CPU.Build.0 = Debug|Any CPU
		{49B03B02-9675-4D93-84D2-1CD09ED2B31A}.Release|Any CPU.ActiveCfg = Release|Any CPU
		{49B03B02-9675-4D93-84D2-1CD09ED2B31A}.Release|Any CPU.Build.0 = Release|Any CPU
		{06D7D3CE-2EA5-46EF-B4BC-806F3B05D830}.Debug|Any CPU.ActiveCfg = Debug|Any CPU
		{06D7D3CE-2EA5-46EF-B4BC-806F3B05D830}.Debug|Any CPU.Build.0 = Debug|Any CPU
		{06D7D3CE-2EA5-46EF-B4BC-806F3B05D830}.Release|Any CPU.ActiveCfg = Release|Any CPU
		{06D7D3CE-2EA5-46EF-B4BC-806F3B05D830}.Release|Any CPU.Build.0 = Release|Any CPU
		{84D5EF16-7242-464D-AD6A-BFA308D02AA8}.Debug|Any CPU.ActiveCfg = Debug|Any CPU
		{84D5EF16-7242-464D-AD6A-BFA308D02AA8}.Debug|Any CPU.Build.0 = Debug|Any CPU
		{84D5EF16-7242-464D-AD6A-BFA308D02AA8}.Release|Any CPU.ActiveCfg = Release|Any CPU
		{84D5EF16-7242-464D-AD6A-BFA308D02AA8}.Release|Any CPU.Build.0 = Release|Any CPU
		{2E7D021D-11E1-4CFB-B5B1-FF003FA81D70}.Debug|Any CPU.ActiveCfg = Debug|Any CPU
		{2E7D021D-11E1-4CFB-B5B1-FF003FA81D70}.Debug|Any CPU.Build.0 = Debug|Any CPU
		{2E7D021D-11E1-4CFB-B5B1-FF003FA81D70}.Release|Any CPU.ActiveCfg = Release|Any CPU
		{2E7D021D-11E1-4CFB-B5B1-FF003FA81D70}.Release|Any CPU.Build.0 = Release|Any CPU
		{F7B680C5-17DA-4F74-AF63-FB40788E2AAB}.Debug|Any CPU.ActiveCfg = Debug|Any CPU
		{F7B680C5-17DA-4F74-AF63-FB40788E2AAB}.Debug|Any CPU.Build.0 = Debug|Any CPU
		{F7B680C5-17DA-4F74-AF63-FB40788E2AAB}.Release|Any CPU.ActiveCfg = Release|Any CPU
		{F7B680C5-17DA-4F74-AF63-FB40788E2AAB}.Release|Any CPU.Build.0 = Release|Any CPU
		{BC63E12A-19AE-40FB-8CAE-45BAB93722F4}.Debug|Any CPU.ActiveCfg = Debug|Any CPU
		{BC63E12A-19AE-40FB-8CAE-45BAB93722F4}.Debug|Any CPU.Build.0 = Debug|Any CPU
		{BC63E12A-19AE-40FB-8CAE-45BAB93722F4}.Release|Any CPU.ActiveCfg = Release|Any CPU
		{BC63E12A-19AE-40FB-8CAE-45BAB93722F4}.Release|Any CPU.Build.0 = Release|Any CPU
		{5269D8CB-D960-48CB-BF56-B0A741CC29CB}.Debug|Any CPU.ActiveCfg = Debug|Any CPU
		{5269D8CB-D960-48CB-BF56-B0A741CC29CB}.Debug|Any CPU.Build.0 = Debug|Any CPU
		{5269D8CB-D960-48CB-BF56-B0A741CC29CB}.Release|Any CPU.ActiveCfg = Release|Any CPU
		{5269D8CB-D960-48CB-BF56-B0A741CC29CB}.Release|Any CPU.Build.0 = Release|Any CPU
		{284D8C2F-0863-4CD2-A7ED-8272C9999549}.Debug|Any CPU.ActiveCfg = Debug|Any CPU
		{284D8C2F-0863-4CD2-A7ED-8272C9999549}.Debug|Any CPU.Build.0 = Debug|Any CPU
		{284D8C2F-0863-4CD2-A7ED-8272C9999549}.Release|Any CPU.ActiveCfg = Release|Any CPU
		{284D8C2F-0863-4CD2-A7ED-8272C9999549}.Release|Any CPU.Build.0 = Release|Any CPU
	EndGlobalSection
	GlobalSection(SolutionProperties) = preSolution
		HideSolutionNode = FALSE
	EndGlobalSection
	GlobalSection(ExtensibilityGlobals) = postSolution
		SolutionGuid = {44A69714-2CA3-453D-BA25-8811EF8B7A68}
	EndGlobalSection
EndGlobal
