
Microsoft Visual Studio Solution File, Format Version 12.00
# Visual Studio Version 17
VisualStudioVersion = 17.10.34928.147
MinimumVisualStudioVersion = 10.0.40219.1
Project("{9A19103F-16F7-4668-BE54-9A1E7A4F7556}") = "01_MatchGame", "01_MatchGame\01_MatchGame.csproj", "{6D29BEDF-3F1E-4313-97EF-74B01C87493D}"
EndProject
Project("{2150E333-8FDC-42A3-9474-1A3956D46DE8}") = "솔루션 항목", "솔루션 항목", "{ED887BBF-7B6B-44DC-9680-2DE086695FA8}"
	ProjectSection(SolutionItems) = preProject
		README.md = README.md
	EndProjectSection
EndProject
Project("{9A19103F-16F7-4668-BE54-9A1E7A4F7556}") = "02_Class_Code", "02_Class_Code\02_Class_Code.csproj", "{D1B240A2-8967-4F20-8DDD-97A19EB83827}"
EndProject
Project("{9A19103F-16F7-4668-BE54-9A1E7A4F7556}") = "02_ExperimentWithControls", "02_ExperimentWithControls\02_ExperimentWithControls.csproj", "{C2BAA5F4-ECC3-4A29-99F5-2C87B0A69317}"
EndProject
Project("{9A19103F-16F7-4668-BE54-9A1E7A4F7556}") = "03_PickRandomCards", "03_PickRandomCards\03_PickRandomCards.csproj", "{94E19BE0-3D4B-4FCD-A674-FEF6D3BA3763}"
EndProject
Project("{9A19103F-16F7-4668-BE54-9A1E7A4F7556}") = "03_PickACardUI", "03_PickACardUI\03_PickACardUI.csproj", "{094F4EC5-CC23-4866-B511-F175F01DE620}"
EndProject
Project("{9A19103F-16F7-4668-BE54-9A1E7A4F7556}") = "03_personal_transaction", "03_personal_transaction\03_personal_transaction.csproj", "{380BA40F-293D-4FA2-AFCE-F719F089E660}"
EndProject
Project("{9A19103F-16F7-4668-BE54-9A1E7A4F7556}") = "03_Betting", "03_Betting\03_Betting.csproj", "{49B03B02-9675-4D93-84D2-1CD09ED2B31A}"
EndProject
Project("{9A19103F-16F7-4668-BE54-9A1E7A4F7556}") = "03_Pizza", "03_Pizza\03_Pizza.csproj", "{06D7D3CE-2EA5-46EF-B4BC-806F3B05D830}"
EndProject
Project("{9A19103F-16F7-4668-BE54-9A1E7A4F7556}") = "04_AbilityScore", "04_AbilityScore\04_AbilityScore.csproj", "{84D5EF16-7242-464D-AD6A-BFA308D02AA8}"
EndProject
Project("{9A19103F-16F7-4668-BE54-9A1E7A4F7556}") = "04_SharpenYourPencil", "04_SharpenYourPencil\04_SharpenYourPencil.csproj", "{2E7D021D-11E1-4CFB-B5B1-FF003FA81D70}"
EndProject
Project("{9A19103F-16F7-4668-BE54-9A1E7A4F7556}") = "04_RandomTestDrive", "04_RandomTestDrive\04_RandomTestDrive.csproj", "{F7B680C5-17DA-4F74-AF63-FB40788E2AAB}"
EndProject
Project("{9A19103F-16F7-4668-BE54-9A1E7A4F7556}") = "04_SloppyJoe", "04_SloppyJoe\04_SloppyJoe.csproj", "{BC63E12A-19AE-40FB-8CAE-45BAB93722F4}"
EndProject
Project("{9A19103F-16F7-4668-BE54-9A1E7A4F7556}") = "05_SwordDamage_Console_Part_1", "05_SwordDamage_Console_Part_1\05_SwordDamage_Console_Part_1.csproj", "{5269D8CB-D960-48CB-BF56-B0A741CC29CB}"
EndProject
Project("{9A19103F-16F7-4668-BE54-9A1E7A4F7556}") = "05_SwordDamage_WPF_Part_1", "05_SwordDamage_WPF_Part_1\05_SwordDamage_WPF_Part_1.csproj", "{284D8C2F-0863-4CD2-A7ED-8272C9999549}"
EndProject
Project("{9A19103F-16F7-4668-BE54-9A1E7A4F7556}") = "05_High_Low", "05_High_Low\05_High_Low.csproj", "{19FE6679-6DB5-4DBA-B035-BDEA018DC837}"
EndProject
Project("{9A19103F-16F7-4668-BE54-9A1E7A4F7556}") = "05_PaintballGun", "05_PaintballGun\05_PaintballGun.csproj", "{0CB6EBE4-9DD0-4AA4-9EDA-7C75037DBE4E}"
EndProject
Project("{9A19103F-16F7-4668-BE54-9A1E7A4F7556}") = "06_WeaponDamage_Part_1", "06_WeaponDamage_Part_1\06_WeaponDamage_Part_1.csproj", "{06B2BF9A-5459-4650-B7E3-CFF3A0AA07C2}"
EndProject
Project("{9A19103F-16F7-4668-BE54-9A1E7A4F7556}") = "06_PigeonAndOstrich", "06_PigeonAndOstrich\06_PigeonAndOstrich.csproj", "{FC7B48EB-3ED9-46AC-B0F1-A51A739FAF56}"
EndProject
Project("{9A19103F-16F7-4668-BE54-9A1E7A4F7556}") = "06_VendingMachine", "06_VendingMachine\06_VendingMachine.csproj", "{454A9303-0BAB-4428-9F2C-5FB31D89FD13}"
EndProject
Project("{9A19103F-16F7-4668-BE54-9A1E7A4F7556}") = "06_JewelThief", "06_JewelThief\06_JewelThief.csproj", "{650A5930-939D-469D-B87E-A2982F4ABADB}"
EndProject
Project("{9A19103F-16F7-4668-BE54-9A1E7A4F7556}") = "06_BeehiveManagementSystem", "06_BeehiveManagementSystem\06_BeehiveManagementSystem.csproj", "{A5A1F168-4B92-427E-B165-7584D89400E2}"
EndProject
Project("{9A19103F-16F7-4668-BE54-9A1E7A4F7556}") = "07_Clowns", "07_Clowns\07_Clowns.csproj", "{0ADEBAF8-B61E-4144-AC3B-FD49A8EAEA1C}"
EndProject
Project("{9A19103F-16F7-4668-BE54-9A1E7A4F7556}") = "07_BeehiveManagementSystem", "07_BeehiveManagementSystem\07_BeehiveManagementSystem.csproj", "{D64DC2F7-FBFE-45CA-AA29-38B1BBB13D25}"
EndProject
Project("{9A19103F-16F7-4668-BE54-9A1E7A4F7556}") = "07_Puzzle", "07_Puzzle\07_Puzzle.csproj", "{31CAFBFD-0FD2-4CB5-9F8E-0466AF58BDAF}"
EndProject
Project("{9A19103F-16F7-4668-BE54-9A1E7A4F7556}") = "07_HippoAndWolf", "07_HippoAndWolf\07_HippoAndWolf.csproj", "{DCFA7815-D16C-46F1-A4E2-5F7C898469E6}"
EndProject
Project("{9A19103F-16F7-4668-BE54-9A1E7A4F7556}") = "07_ScaryClown", "07_ScaryClown\07_ScaryClown.csproj", "{EA1E4D74-F600-46F0-B8F9-0A3FB7206821}"
EndProject
Project("{9A19103F-16F7-4668-BE54-9A1E7A4F7556}") = "08_JumbledCards", "08_JumbledCards\08_JumbledCards.csproj", "{C1C6EB08-AB78-46AC-993D-1912869157A7}"
EndProject
Project("{9A19103F-16F7-4668-BE54-9A1E7A4F7556}") = "08_Shoes", "08_Shoes\08_Shoes.csproj", "{D5CB5C57-CBC8-4D3F-95FE-944394D0B589}"
EndProject
Project("{9A19103F-16F7-4668-BE54-9A1E7A4F7556}") = "08_Ducks", "08_Ducks\08_Ducks.csproj", "{3C588300-BE7D-427E-A589-2CE3D5178274}"
EndProject
Project("{9A19103F-16F7-4668-BE54-9A1E7A4F7556}") = "08_SuitsAndValues", "08_SuitsAndValues\08_SuitsAndValues.csproj", "{DE2BCEE0-4E85-439C-A9E2-478B1202F294}"
EndProject
Project("{9A19103F-16F7-4668-BE54-9A1E7A4F7556}") = "08_Bird", "08_Bird\08_Bird.csproj", "{0C06D04D-7812-429F-8185-6A52DCEB0FCA}"
EndProject
Project("{9A19103F-16F7-4668-BE54-9A1E7A4F7556}") = "08_BaseballPlayers", "08_BaseballPlayers\08_BaseballPlayers.csproj", "{0FD8F524-3FD4-4C09-88BF-61CD0F18ED32}"
EndProject
Project("{9A19103F-16F7-4668-BE54-9A1E7A4F7556}") = "08_LumberjacksAndFlapjacks", "08_LumberjacksAndFlapjacks\08_LumberjacksAndFlapjacks.csproj", "{ECC530A8-B6F1-4B1F-B407-AC5B499657B9}"
EndProject
Project("{9A19103F-16F7-4668-BE54-9A1E7A4F7556}") = "08_TwoDeck", "08_TwoDeck\08_TwoDeck.csproj", "{D852365E-BE2D-41E1-8D1E-0BB6E4D0D3F3}"
EndProject
Project("{FAE04EC0-301F-11D3-BF4B-00C04F79EFBC}") = "09_LinqTest", "09_LinqTest\09_LinqTest.csproj", "{64317420-8ECA-4D19-9BBE-72DA8D8A210B}"
EndProject
Project("{FAE04EC0-301F-11D3-BF4B-00C04F79EFBC}") = "09_JimmyLinq", "09_JimmyLinq\09_JimmyLinq.csproj", "{5D9FB841-6F32-45EB-8BE2-510B96CE5DAF}"
EndProject
Global
	GlobalSection(SolutionConfigurationPlatforms) = preSolution
		Debug|Any CPU = Debug|Any CPU
		Release|Any CPU = Release|Any CPU
	EndGlobalSection
	GlobalSection(ProjectConfigurationPlatforms) = postSolution
		{6D29BEDF-3F1E-4313-97EF-74B01C87493D}.Debug|Any CPU.ActiveCfg = Debug|Any CPU
		{6D29BEDF-3F1E-4313-97EF-74B01C87493D}.Debug|Any CPU.Build.0 = Debug|Any CPU
		{6D29BEDF-3F1E-4313-97EF-74B01C87493D}.Release|Any CPU.ActiveCfg = Release|Any CPU
		{6D29BEDF-3F1E-4313-97EF-74B01C87493D}.Release|Any CPU.Build.0 = Release|Any CPU
		{D1B240A2-8967-4F20-8DDD-97A19EB83827}.Debug|Any CPU.ActiveCfg = Debug|Any CPU
		{D1B240A2-8967-4F20-8DDD-97A19EB83827}.Debug|Any CPU.Build.0 = Debug|Any CPU
		{D1B240A2-8967-4F20-8DDD-97A19EB83827}.Release|Any CPU.ActiveCfg = Release|Any CPU
		{D1B240A2-8967-4F20-8DDD-97A19EB83827}.Release|Any CPU.Build.0 = Release|Any CPU
		{C2BAA5F4-ECC3-4A29-99F5-2C87B0A69317}.Debug|Any CPU.ActiveCfg = Debug|Any CPU
		{C2BAA5F4-ECC3-4A29-99F5-2C87B0A69317}.Debug|Any CPU.Build.0 = Debug|Any CPU
		{C2BAA5F4-ECC3-4A29-99F5-2C87B0A69317}.Release|Any CPU.ActiveCfg = Release|Any CPU
		{C2BAA5F4-ECC3-4A29-99F5-2C87B0A69317}.Release|Any CPU.Build.0 = Release|Any CPU
		{94E19BE0-3D4B-4FCD-A674-FEF6D3BA3763}.Debug|Any CPU.ActiveCfg = Debug|Any CPU
		{94E19BE0-3D4B-4FCD-A674-FEF6D3BA3763}.Debug|Any CPU.Build.0 = Debug|Any CPU
		{94E19BE0-3D4B-4FCD-A674-FEF6D3BA3763}.Release|Any CPU.ActiveCfg = Release|Any CPU
		{94E19BE0-3D4B-4FCD-A674-FEF6D3BA3763}.Release|Any CPU.Build.0 = Release|Any CPU
		{094F4EC5-CC23-4866-B511-F175F01DE620}.Debug|Any CPU.ActiveCfg = Debug|Any CPU
		{094F4EC5-CC23-4866-B511-F175F01DE620}.Debug|Any CPU.Build.0 = Debug|Any CPU
		{094F4EC5-CC23-4866-B511-F175F01DE620}.Release|Any CPU.ActiveCfg = Release|Any CPU
		{094F4EC5-CC23-4866-B511-F175F01DE620}.Release|Any CPU.Build.0 = Release|Any CPU
		{380BA40F-293D-4FA2-AFCE-F719F089E660}.Debug|Any CPU.ActiveCfg = Debug|Any CPU
		{380BA40F-293D-4FA2-AFCE-F719F089E660}.Debug|Any CPU.Build.0 = Debug|Any CPU
		{380BA40F-293D-4FA2-AFCE-F719F089E660}.Release|Any CPU.ActiveCfg = Release|Any CPU
		{380BA40F-293D-4FA2-AFCE-F719F089E660}.Release|Any CPU.Build.0 = Release|Any CPU
		{49B03B02-9675-4D93-84D2-1CD09ED2B31A}.Debug|Any CPU.ActiveCfg = Debug|Any CPU
		{49B03B02-9675-4D93-84D2-1CD09ED2B31A}.Debug|Any CPU.Build.0 = Debug|Any CPU
		{49B03B02-9675-4D93-84D2-1CD09ED2B31A}.Release|Any CPU.ActiveCfg = Release|Any CPU
		{49B03B02-9675-4D93-84D2-1CD09ED2B31A}.Release|Any CPU.Build.0 = Release|Any CPU
		{06D7D3CE-2EA5-46EF-B4BC-806F3B05D830}.Debug|Any CPU.ActiveCfg = Debug|Any CPU
		{06D7D3CE-2EA5-46EF-B4BC-806F3B05D830}.Debug|Any CPU.Build.0 = Debug|Any CPU
		{06D7D3CE-2EA5-46EF-B4BC-806F3B05D830}.Release|Any CPU.ActiveCfg = Release|Any CPU
		{06D7D3CE-2EA5-46EF-B4BC-806F3B05D830}.Release|Any CPU.Build.0 = Release|Any CPU
		{84D5EF16-7242-464D-AD6A-BFA308D02AA8}.Debug|Any CPU.ActiveCfg = Debug|Any CPU
		{84D5EF16-7242-464D-AD6A-BFA308D02AA8}.Debug|Any CPU.Build.0 = Debug|Any CPU
		{84D5EF16-7242-464D-AD6A-BFA308D02AA8}.Release|Any CPU.ActiveCfg = Release|Any CPU
		{84D5EF16-7242-464D-AD6A-BFA308D02AA8}.Release|Any CPU.Build.0 = Release|Any CPU
		{2E7D021D-11E1-4CFB-B5B1-FF003FA81D70}.Debug|Any CPU.ActiveCfg = Debug|Any CPU
		{2E7D021D-11E1-4CFB-B5B1-FF003FA81D70}.Debug|Any CPU.Build.0 = Debug|Any CPU
		{2E7D021D-11E1-4CFB-B5B1-FF003FA81D70}.Release|Any CPU.ActiveCfg = Release|Any CPU
		{2E7D021D-11E1-4CFB-B5B1-FF003FA81D70}.Release|Any CPU.Build.0 = Release|Any CPU
		{F7B680C5-17DA-4F74-AF63-FB40788E2AAB}.Debug|Any CPU.ActiveCfg = Debug|Any CPU
		{F7B680C5-17DA-4F74-AF63-FB40788E2AAB}.Debug|Any CPU.Build.0 = Debug|Any CPU
		{F7B680C5-17DA-4F74-AF63-FB40788E2AAB}.Release|Any CPU.ActiveCfg = Release|Any CPU
		{F7B680C5-17DA-4F74-AF63-FB40788E2AAB}.Release|Any CPU.Build.0 = Release|Any CPU
		{BC63E12A-19AE-40FB-8CAE-45BAB93722F4}.Debug|Any CPU.ActiveCfg = Debug|Any CPU
		{BC63E12A-19AE-40FB-8CAE-45BAB93722F4}.Debug|Any CPU.Build.0 = Debug|Any CPU
		{BC63E12A-19AE-40FB-8CAE-45BAB93722F4}.Release|Any CPU.ActiveCfg = Release|Any CPU
		{BC63E12A-19AE-40FB-8CAE-45BAB93722F4}.Release|Any CPU.Build.0 = Release|Any CPU
		{5269D8CB-D960-48CB-BF56-B0A741CC29CB}.Debug|Any CPU.ActiveCfg = Debug|Any CPU
		{5269D8CB-D960-48CB-BF56-B0A741CC29CB}.Debug|Any CPU.Build.0 = Debug|Any CPU
		{5269D8CB-D960-48CB-BF56-B0A741CC29CB}.Release|Any CPU.ActiveCfg = Release|Any CPU
		{5269D8CB-D960-48CB-BF56-B0A741CC29CB}.Release|Any CPU.Build.0 = Release|Any CPU
		{284D8C2F-0863-4CD2-A7ED-8272C9999549}.Debug|Any CPU.ActiveCfg = Debug|Any CPU
		{284D8C2F-0863-4CD2-A7ED-8272C9999549}.Debug|Any CPU.Build.0 = Debug|Any CPU
		{284D8C2F-0863-4CD2-A7ED-8272C9999549}.Release|Any CPU.ActiveCfg = Release|Any CPU
		{284D8C2F-0863-4CD2-A7ED-8272C9999549}.Release|Any CPU.Build.0 = Release|Any CPU
		{19FE6679-6DB5-4DBA-B035-BDEA018DC837}.Debug|Any CPU.ActiveCfg = Debug|Any CPU
		{19FE6679-6DB5-4DBA-B035-BDEA018DC837}.Debug|Any CPU.Build.0 = Debug|Any CPU
		{19FE6679-6DB5-4DBA-B035-BDEA018DC837}.Release|Any CPU.ActiveCfg = Release|Any CPU
		{19FE6679-6DB5-4DBA-B035-BDEA018DC837}.Release|Any CPU.Build.0 = Release|Any CPU
		{0CB6EBE4-9DD0-4AA4-9EDA-7C75037DBE4E}.Debug|Any CPU.ActiveCfg = Debug|Any CPU
		{0CB6EBE4-9DD0-4AA4-9EDA-7C75037DBE4E}.Debug|Any CPU.Build.0 = Debug|Any CPU
		{0CB6EBE4-9DD0-4AA4-9EDA-7C75037DBE4E}.Release|Any CPU.ActiveCfg = Release|Any CPU
		{0CB6EBE4-9DD0-4AA4-9EDA-7C75037DBE4E}.Release|Any CPU.Build.0 = Release|Any CPU
		{06B2BF9A-5459-4650-B7E3-CFF3A0AA07C2}.Debug|Any CPU.ActiveCfg = Debug|Any CPU
		{06B2BF9A-5459-4650-B7E3-CFF3A0AA07C2}.Debug|Any CPU.Build.0 = Debug|Any CPU
		{06B2BF9A-5459-4650-B7E3-CFF3A0AA07C2}.Release|Any CPU.ActiveCfg = Release|Any CPU
		{06B2BF9A-5459-4650-B7E3-CFF3A0AA07C2}.Release|Any CPU.Build.0 = Release|Any CPU
		{FC7B48EB-3ED9-46AC-B0F1-A51A739FAF56}.Debug|Any CPU.ActiveCfg = Debug|Any CPU
		{FC7B48EB-3ED9-46AC-B0F1-A51A739FAF56}.Debug|Any CPU.Build.0 = Debug|Any CPU
		{FC7B48EB-3ED9-46AC-B0F1-A51A739FAF56}.Release|Any CPU.ActiveCfg = Release|Any CPU
		{FC7B48EB-3ED9-46AC-B0F1-A51A739FAF56}.Release|Any CPU.Build.0 = Release|Any CPU
		{454A9303-0BAB-4428-9F2C-5FB31D89FD13}.Debug|Any CPU.ActiveCfg = Debug|Any CPU
		{454A9303-0BAB-4428-9F2C-5FB31D89FD13}.Debug|Any CPU.Build.0 = Debug|Any CPU
		{454A9303-0BAB-4428-9F2C-5FB31D89FD13}.Release|Any CPU.ActiveCfg = Release|Any CPU
		{454A9303-0BAB-4428-9F2C-5FB31D89FD13}.Release|Any CPU.Build.0 = Release|Any CPU
		{650A5930-939D-469D-B87E-A2982F4ABADB}.Debug|Any CPU.ActiveCfg = Debug|Any CPU
		{650A5930-939D-469D-B87E-A2982F4ABADB}.Debug|Any CPU.Build.0 = Debug|Any CPU
		{650A5930-939D-469D-B87E-A2982F4ABADB}.Release|Any CPU.ActiveCfg = Release|Any CPU
		{650A5930-939D-469D-B87E-A2982F4ABADB}.Release|Any CPU.Build.0 = Release|Any CPU
		{A5A1F168-4B92-427E-B165-7584D89400E2}.Debug|Any CPU.ActiveCfg = Debug|Any CPU
		{A5A1F168-4B92-427E-B165-7584D89400E2}.Debug|Any CPU.Build.0 = Debug|Any CPU
		{A5A1F168-4B92-427E-B165-7584D89400E2}.Release|Any CPU.ActiveCfg = Release|Any CPU
		{A5A1F168-4B92-427E-B165-7584D89400E2}.Release|Any CPU.Build.0 = Release|Any CPU
		{0ADEBAF8-B61E-4144-AC3B-FD49A8EAEA1C}.Debug|Any CPU.ActiveCfg = Debug|Any CPU
		{0ADEBAF8-B61E-4144-AC3B-FD49A8EAEA1C}.Debug|Any CPU.Build.0 = Debug|Any CPU
		{0ADEBAF8-B61E-4144-AC3B-FD49A8EAEA1C}.Release|Any CPU.ActiveCfg = Release|Any CPU
		{0ADEBAF8-B61E-4144-AC3B-FD49A8EAEA1C}.Release|Any CPU.Build.0 = Release|Any CPU
		{D64DC2F7-FBFE-45CA-AA29-38B1BBB13D25}.Debug|Any CPU.ActiveCfg = Debug|Any CPU
		{D64DC2F7-FBFE-45CA-AA29-38B1BBB13D25}.Debug|Any CPU.Build.0 = Debug|Any CPU
		{D64DC2F7-FBFE-45CA-AA29-38B1BBB13D25}.Release|Any CPU.ActiveCfg = Release|Any CPU
		{D64DC2F7-FBFE-45CA-AA29-38B1BBB13D25}.Release|Any CPU.Build.0 = Release|Any CPU
		{31CAFBFD-0FD2-4CB5-9F8E-0466AF58BDAF}.Debug|Any CPU.ActiveCfg = Debug|Any CPU
		{31CAFBFD-0FD2-4CB5-9F8E-0466AF58BDAF}.Debug|Any CPU.Build.0 = Debug|Any CPU
		{31CAFBFD-0FD2-4CB5-9F8E-0466AF58BDAF}.Release|Any CPU.ActiveCfg = Release|Any CPU
		{31CAFBFD-0FD2-4CB5-9F8E-0466AF58BDAF}.Release|Any CPU.Build.0 = Release|Any CPU
		{DCFA7815-D16C-46F1-A4E2-5F7C898469E6}.Debug|Any CPU.ActiveCfg = Debug|Any CPU
		{DCFA7815-D16C-46F1-A4E2-5F7C898469E6}.Debug|Any CPU.Build.0 = Debug|Any CPU
		{DCFA7815-D16C-46F1-A4E2-5F7C898469E6}.Release|Any CPU.ActiveCfg = Release|Any CPU
		{DCFA7815-D16C-46F1-A4E2-5F7C898469E6}.Release|Any CPU.Build.0 = Release|Any CPU
		{EA1E4D74-F600-46F0-B8F9-0A3FB7206821}.Debug|Any CPU.ActiveCfg = Debug|Any CPU
		{EA1E4D74-F600-46F0-B8F9-0A3FB7206821}.Debug|Any CPU.Build.0 = Debug|Any CPU
		{EA1E4D74-F600-46F0-B8F9-0A3FB7206821}.Release|Any CPU.ActiveCfg = Release|Any CPU
		{EA1E4D74-F600-46F0-B8F9-0A3FB7206821}.Release|Any CPU.Build.0 = Release|Any CPU
		{C1C6EB08-AB78-46AC-993D-1912869157A7}.Debug|Any CPU.ActiveCfg = Debug|Any CPU
		{C1C6EB08-AB78-46AC-993D-1912869157A7}.Debug|Any CPU.Build.0 = Debug|Any CPU
		{C1C6EB08-AB78-46AC-993D-1912869157A7}.Release|Any CPU.ActiveCfg = Release|Any CPU
		{C1C6EB08-AB78-46AC-993D-1912869157A7}.Release|Any CPU.Build.0 = Release|Any CPU
		{D5CB5C57-CBC8-4D3F-95FE-944394D0B589}.Debug|Any CPU.ActiveCfg = Debug|Any CPU
		{D5CB5C57-CBC8-4D3F-95FE-944394D0B589}.Debug|Any CPU.Build.0 = Debug|Any CPU
		{D5CB5C57-CBC8-4D3F-95FE-944394D0B589}.Release|Any CPU.ActiveCfg = Release|Any CPU
		{D5CB5C57-CBC8-4D3F-95FE-944394D0B589}.Release|Any CPU.Build.0 = Release|Any CPU
		{3C588300-BE7D-427E-A589-2CE3D5178274}.Debug|Any CPU.ActiveCfg = Debug|Any CPU
		{3C588300-BE7D-427E-A589-2CE3D5178274}.Debug|Any CPU.Build.0 = Debug|Any CPU
		{3C588300-BE7D-427E-A589-2CE3D5178274}.Release|Any CPU.ActiveCfg = Release|Any CPU
		{3C588300-BE7D-427E-A589-2CE3D5178274}.Release|Any CPU.Build.0 = Release|Any CPU
		{DE2BCEE0-4E85-439C-A9E2-478B1202F294}.Debug|Any CPU.ActiveCfg = Debug|Any CPU
		{DE2BCEE0-4E85-439C-A9E2-478B1202F294}.Debug|Any CPU.Build.0 = Debug|Any CPU
		{DE2BCEE0-4E85-439C-A9E2-478B1202F294}.Release|Any CPU.ActiveCfg = Release|Any CPU
		{DE2BCEE0-4E85-439C-A9E2-478B1202F294}.Release|Any CPU.Build.0 = Release|Any CPU
		{0C06D04D-7812-429F-8185-6A52DCEB0FCA}.Debug|Any CPU.ActiveCfg = Debug|Any CPU
		{0C06D04D-7812-429F-8185-6A52DCEB0FCA}.Debug|Any CPU.Build.0 = Debug|Any CPU
		{0C06D04D-7812-429F-8185-6A52DCEB0FCA}.Release|Any CPU.ActiveCfg = Release|Any CPU
		{0C06D04D-7812-429F-8185-6A52DCEB0FCA}.Release|Any CPU.Build.0 = Release|Any CPU
		{0FD8F524-3FD4-4C09-88BF-61CD0F18ED32}.Debug|Any CPU.ActiveCfg = Debug|Any CPU
		{0FD8F524-3FD4-4C09-88BF-61CD0F18ED32}.Debug|Any CPU.Build.0 = Debug|Any CPU
		{0FD8F524-3FD4-4C09-88BF-61CD0F18ED32}.Release|Any CPU.ActiveCfg = Release|Any CPU
		{0FD8F524-3FD4-4C09-88BF-61CD0F18ED32}.Release|Any CPU.Build.0 = Release|Any CPU
		{ECC530A8-B6F1-4B1F-B407-AC5B499657B9}.Debug|Any CPU.ActiveCfg = Debug|Any CPU
		{ECC530A8-B6F1-4B1F-B407-AC5B499657B9}.Debug|Any CPU.Build.0 = Debug|Any CPU
		{ECC530A8-B6F1-4B1F-B407-AC5B499657B9}.Release|Any CPU.ActiveCfg = Release|Any CPU
		{ECC530A8-B6F1-4B1F-B407-AC5B499657B9}.Release|Any CPU.Build.0 = Release|Any CPU
		{D852365E-BE2D-41E1-8D1E-0BB6E4D0D3F3}.Debug|Any CPU.ActiveCfg = Debug|Any CPU
		{D852365E-BE2D-41E1-8D1E-0BB6E4D0D3F3}.Debug|Any CPU.Build.0 = Debug|Any CPU
		{D852365E-BE2D-41E1-8D1E-0BB6E4D0D3F3}.Release|Any CPU.ActiveCfg = Release|Any CPU
		{D852365E-BE2D-41E1-8D1E-0BB6E4D0D3F3}.Release|Any CPU.Build.0 = Release|Any CPU
		{64317420-8ECA-4D19-9BBE-72DA8D8A210B}.Debug|Any CPU.ActiveCfg = Debug|Any CPU
		{64317420-8ECA-4D19-9BBE-72DA8D8A210B}.Debug|Any CPU.Build.0 = Debug|Any CPU
		{64317420-8ECA-4D19-9BBE-72DA8D8A210B}.Release|Any CPU.ActiveCfg = Release|Any CPU
		{64317420-8ECA-4D19-9BBE-72DA8D8A210B}.Release|Any CPU.Build.0 = Release|Any CPU
		{5D9FB841-6F32-45EB-8BE2-510B96CE5DAF}.Debug|Any CPU.ActiveCfg = Debug|Any CPU
		{5D9FB841-6F32-45EB-8BE2-510B96CE5DAF}.Debug|Any CPU.Build.0 = Debug|Any CPU
		{5D9FB841-6F32-45EB-8BE2-510B96CE5DAF}.Release|Any CPU.ActiveCfg = Release|Any CPU
		{5D9FB841-6F32-45EB-8BE2-510B96CE5DAF}.Release|Any CPU.Build.0 = Release|Any CPU
	EndGlobalSection
	GlobalSection(SolutionProperties) = preSolution
		HideSolutionNode = FALSE
	EndGlobalSection
	GlobalSection(ExtensibilityGlobals) = postSolution
		SolutionGuid = {44A69714-2CA3-453D-BA25-8811EF8B7A68}
	EndGlobalSection
EndGlobal
